<?xml version="1.0" encoding="utf-8"?>
<Project ToolsVersion="4.0" xmlns="http://schemas.microsoft.com/developer/msbuild/2003">
  <ItemGroup>
    <Filter Include="Source Files">
      <UniqueIdentifier>{4FC737F1-C7A5-4376-A066-2A32D752A2FF}</UniqueIdentifier>
      <Extensions>cpp;c;cc;cxx;def;odl;idl;hpj;bat;asm;asmx</Extensions>
    </Filter>
    <Filter Include="Header Files">
      <UniqueIdentifier>{93995380-89BD-4b04-88EB-625FBE52EBFB}</UniqueIdentifier>
      <Extensions>h;hpp;hxx;hm;inl;inc;xsd</Extensions>
    </Filter>
    <Filter Include="Resource Files">
      <UniqueIdentifier>{67DA6AB6-F800-4c08-8B7A-83BB121AAD01}</UniqueIdentifier>
      <Extensions>rc;ico;cur;bmp;dlg;rc2;rct;bin;rgs;gif;jpg;jpeg;jpe;resx;tiff;tif;png;wav;mfcribbon-ms</Extensions>
    </Filter>
    <Filter Include="Resource Files\objects">
      <UniqueIdentifier>{aa9e036b-8fe8-4505-8409-b4b65526aa23}</UniqueIdentifier>
    </Filter>
    <Filter Include="Resource Files\textures">
      <UniqueIdentifier>{c822d2f6-7cc9-4e78-8fe6-11c9ee423ad4}</UniqueIdentifier>
    </Filter>
    <Filter Include="Resource Files\shaders">
      <UniqueIdentifier>{fb394e76-cd1a-4543-8ba1-0e17ee568f64}</UniqueIdentifier>
    </Filter>
    <Filter Include="Header Files\Camera">
      <UniqueIdentifier>{fb564bbf-7dcd-4e49-8149-143fdb7e9255}</UniqueIdentifier>
    </Filter>
    <Filter Include="Source Files\Camera">
      <UniqueIdentifier>{f329abf4-e2cf-4d15-b9fc-473326dc097f}</UniqueIdentifier>
    </Filter>
    <Filter Include="Header Files\Scene">
      <UniqueIdentifier>{2429c139-84e3-414c-9a02-2c09f6afb3ca}</UniqueIdentifier>
    </Filter>
    <Filter Include="Source Files\Scene">
      <UniqueIdentifier>{832f8b75-da9d-4fe4-b412-1aa426918ab4}</UniqueIdentifier>
    </Filter>
    <Filter Include="Header Files\Geometry">
      <UniqueIdentifier>{8c990c38-8200-4a72-96f5-57f39b6b295c}</UniqueIdentifier>
    </Filter>
    <Filter Include="Source Files\Geometry">
      <UniqueIdentifier>{d2842964-d5d4-4176-88d4-199fe58c6895}</UniqueIdentifier>
    </Filter>
  </ItemGroup>
  <ItemGroup>
    <ClCompile Include="..\src\main.cpp">
      <Filter>Source Files</Filter>
    </ClCompile>
    <ClCompile Include="..\src\Camera.cpp">
      <Filter>Source Files\Camera</Filter>
    </ClCompile>
    <ClCompile Include="..\src\Scene.cpp">
      <Filter>Source Files\Scene</Filter>
    </ClCompile>
    <ClCompile Include="..\src\Geometry.cpp">
      <Filter>Source Files\Geometry</Filter>
    </ClCompile>
    <ClCompile Include="..\src\Plane.cpp">
      <Filter>Source Files\Geometry</Filter>
    </ClCompile>
    <ClCompile Include="..\src\Sphere.cpp">
      <Filter>Source Files\Geometry</Filter>
    </ClCompile>
  </ItemGroup>
  <ItemGroup>
    <None Include="..\shaders\fragment_shader.glsl">
      <Filter>Resource Files\shaders</Filter>
    </None>
    <None Include="..\shaders\vertex_shader.glsl">
      <Filter>Resource Files\shaders</Filter>
    </None>
    <None Include="..\shaders\SphereM_vertex_shader.glsl">
      <Filter>Resource Files\shaders</Filter>
    </None>
    <None Include="..\shaders\SphereM_fragment_shader.glsl">
      <Filter>Resource Files\shaders</Filter>
    </None>
    <None Include="..\shaders\CubeM_fragment_shader.glsl">
      <Filter>Resource Files\shaders</Filter>
    </None>
    <None Include="..\shaders\CubeM_vertex_shader.glsl">
      <Filter>Resource Files\shaders</Filter>
    </None>
    <None Include="..\objects\sphere.obj">
      <Filter>Resource Files\objects</Filter>
    </None>
    <None Include="..\shaders\skybox_frag_shader.glsl">
      <Filter>Resource Files\shaders</Filter>
    </None>
    <None Include="..\shaders\skybox_vertex_shader.glsl">
      <Filter>Resource Files\shaders</Filter>
    </None>
    <None Include="..\shaders\fragment_shader_bump.glsl">
      <Filter>Resource Files\shaders</Filter>
    </None>
    <None Include="..\shaders\vertex_shader_bump.glsl">
      <Filter>Resource Files\shaders</Filter>
    </None>
  </ItemGroup>
  <ItemGroup>
    <Image Include="..\textures\stone.tga">
      <Filter>Resource Files\textures</Filter>
    </Image>
    <Image Include="..\textures\fire.tga">
      <Filter>Resource Files\textures</Filter>
    </Image>
    <Image Include="..\textures\negx.jpg">
      <Filter>Resource Files\textures</Filter>
    </Image>
    <Image Include="..\textures\negy.jpg">
      <Filter>Resource Files\textures</Filter>
    </Image>
    <Image Include="..\textures\negz.jpg">
      <Filter>Resource Files\textures</Filter>
    </Image>
    <Image Include="..\textures\posx.jpg">
      <Filter>Resource Files\textures</Filter>
    </Image>
    <Image Include="..\textures\posy.jpg">
      <Filter>Resource Files\textures</Filter>
    </Image>
    <Image Include="..\textures\posz.jpg">
      <Filter>Resource Files\textures</Filter>
    </Image>
    <Image Include="..\textures\stone2.tga">
      <Filter>Resource Files\textures</Filter>
    </Image>
    <Image Include="..\textures\stone2_normal.tga">
      <Filter>Resource Files\textures</Filter>
    </Image>
  </ItemGroup>
  <ItemGroup>
    <ClInclude Include="..\src\Includes.h">
      <Filter>Header Files</Filter>
    </ClInclude>
    <ClInclude Include="..\src\Camera.h">
      <Filter>Header Files\Camera</Filter>
    </ClInclude>
    <ClInclude Include="..\src\Scene.h">
      <Filter>Header Files\Scene</Filter>
    </ClInclude>
    <ClInclude Include="..\src\Geometry.h">
      <Filter>Header Files\Geometry</Filter>
    </ClInclude>
    <ClInclude Include="..\src\Plane.h">
      <Filter>Header Files\Geometry</Filter>
    </ClInclude>
    <ClInclude Include="..\src\Sphere.h">
      <Filter>Header Files\Geometry</Filter>
    </ClInclude>
  </ItemGroup>
</Project>