<?xml version="1.0" encoding="utf-8"?>
<Project ToolsVersion="4.0" xmlns="http://schemas.microsoft.com/developer/msbuild/2003">
  <ItemGroup>
    <Filter Include="Source Files">
      <UniqueIdentifier>{4FC737F1-C7A5-4376-A066-2A32D752A2FF}</UniqueIdentifier>
      <Extensions>cpp;c;cc;cxx;def;odl;idl;hpj;bat;asm;asmx</Extensions>
    </Filter>
    <Filter Include="Header Files">
      <UniqueIdentifier>{93995380-89BD-4b04-88EB-625FBE52EBFB}</UniqueIdentifier>
      <Extensions>h;hpp;hxx;hm;inl;inc;xsd</Extensions>
    </Filter>
    <Filter Include="Resource Files">
      <UniqueIdentifier>{67DA6AB6-F800-4c08-8B7A-83BB121AAD01}</UniqueIdentifier>
      <Extensions>rc;ico;cur;bmp;dlg;rc2;rct;bin;rgs;gif;jpg;jpeg;jpe;resx;tiff;tif;png;wav;mfcribbon-ms</Extensions>
    </Filter>
    <Filter Include="Header Files\Camera">
      <UniqueIdentifier>{fb564bbf-7dcd-4e49-8149-143fdb7e9255}</UniqueIdentifier>
    </Filter>
    <Filter Include="Source Files\Camera">
      <UniqueIdentifier>{f329abf4-e2cf-4d15-b9fc-473326dc097f}</UniqueIdentifier>
    </Filter>
    <Filter Include="Header Files\Scene">
      <UniqueIdentifier>{2429c139-84e3-414c-9a02-2c09f6afb3ca}</UniqueIdentifier>
    </Filter>
    <Filter Include="Source Files\Scene">
      <UniqueIdentifier>{832f8b75-da9d-4fe4-b412-1aa426918ab4}</UniqueIdentifier>
    </Filter>
    <Filter Include="Header Files\Geometry">
      <UniqueIdentifier>{8c990c38-8200-4a72-96f5-57f39b6b295c}</UniqueIdentifier>
    </Filter>
    <Filter Include="Source Files\Geometry">
      <UniqueIdentifier>{d2842964-d5d4-4176-88d4-199fe58c6895}</UniqueIdentifier>
    </Filter>
    <Filter Include="Header Files\NFFLoader">
      <UniqueIdentifier>{7e7c447e-66fa-42ba-bdc9-794a8da5781c}</UniqueIdentifier>
    </Filter>
    <Filter Include="Source Files\NFFLoader">
      <UniqueIdentifier>{2207336a-a256-4517-9df5-bc23d4436f1c}</UniqueIdentifier>
    </Filter>
    <Filter Include="Source Files\OutConverter">
      <UniqueIdentifier>{3a1c1e82-820c-48cc-b900-74759046e042}</UniqueIdentifier>
    </Filter>
    <Filter Include="Header Files\OutConverter">
      <UniqueIdentifier>{4ad7112e-4afc-4a61-8961-18bd2e7df1a7}</UniqueIdentifier>
    </Filter>
    <Filter Include="Resource Files\nff">
      <UniqueIdentifier>{f170766a-620f-4674-a586-fae6b1201cda}</UniqueIdentifier>
    </Filter>
    <Filter Include="Header Files\Twister">
      <UniqueIdentifier>{6db5d6f7-a778-4334-b336-32384120f92d}</UniqueIdentifier>
    </Filter>
    <Filter Include="Source Files\Twister">
      <UniqueIdentifier>{06390882-c876-4802-9119-136d5fcae91b}</UniqueIdentifier>
    </Filter>
    <Filter Include="Header Files\PieceReader">
      <UniqueIdentifier>{84ec4033-e8a3-4204-9aab-0a021ceb7e9e}</UniqueIdentifier>
    </Filter>
    <Filter Include="Source Files\PieceReader">
      <UniqueIdentifier>{d13549f8-19d7-46f5-9aba-21987a146a1a}</UniqueIdentifier>
    </Filter>
  </ItemGroup>
  <ItemGroup>
    <ClCompile Include="..\src\main.cpp">
      <Filter>Source Files</Filter>
    </ClCompile>
    <ClCompile Include="..\src\Camera.cpp">
      <Filter>Source Files\Camera</Filter>
    </ClCompile>
    <ClCompile Include="..\src\Scene.cpp">
      <Filter>Source Files\Scene</Filter>
    </ClCompile>
    <ClCompile Include="..\src\Sphere.cpp">
      <Filter>Source Files\Geometry</Filter>
    </ClCompile>
    <ClCompile Include="..\src\Plane.cpp">
      <Filter>Source Files\Geometry</Filter>
    </ClCompile>
    <ClCompile Include="..\src\Geometry.cpp">
      <Filter>Source Files\Geometry</Filter>
    </ClCompile>
    <ClCompile Include="..\src\NFFLoader.cpp">
      <Filter>Source Files\NFFLoader</Filter>
    </ClCompile>
    <ClCompile Include="..\src\OutConverter.cpp">
      <Filter>Source Files\OutConverter</Filter>
    </ClCompile>
    <ClCompile Include="..\src\Ray.cpp">
      <Filter>Source Files\Scene</Filter>
    </ClCompile>
    <ClCompile Include="..\src\Triangle.cpp">
      <Filter>Source Files\Geometry</Filter>
    </ClCompile>
    <ClCompile Include="..\src\twister.cpp">
      <Filter>Source Files\Twister</Filter>
    </ClCompile>
    <ClCompile Include="..\src\Vertex.cpp">
      <Filter>Source Files\PieceReader</Filter>
    </ClCompile>
    <ClCompile Include="..\src\PieceReader.cpp">
      <Filter>Source Files\PieceReader</Filter>
    </ClCompile>
    <ClCompile Include="..\src\AABox.cpp">
      <Filter>Source Files\Geometry</Filter>
    </ClCompile>
    <ClCompile Include="..\src\BoundingBox.cpp">
      <Filter>Source Files\Geometry</Filter>
    </ClCompile>
    <ClCompile Include="..\src\NotObjects.cpp">
      <Filter>Source Files\Geometry</Filter>
    </ClCompile>
    <ClCompile Include="..\src\Grid.cpp">
      <Filter>Source Files\Scene</Filter>
    </ClCompile>
    <ClCompile Include="..\src\Cell.cpp">
      <Filter>Source Files\Scene</Filter>
    </ClCompile>
    <ClCompile Include="..\src\Quad.cpp">
      <Filter>Source Files\Geometry</Filter>
    </ClCompile>
  </ItemGroup>
  <ItemGroup>
    <ClInclude Include="..\src\Includes.h">
      <Filter>Header Files</Filter>
    </ClInclude>
    <ClInclude Include="..\src\Camera.h">
      <Filter>Header Files\Camera</Filter>
    </ClInclude>
    <ClInclude Include="..\src\Scene.h">
      <Filter>Header Files\Scene</Filter>
    </ClInclude>
    <ClInclude Include="..\src\Geometry.h">
      <Filter>Header Files\Geometry</Filter>
    </ClInclude>
    <ClInclude Include="..\src\Plane.h">
      <Filter>Header Files\Geometry</Filter>
    </ClInclude>
    <ClInclude Include="..\src\Sphere.h">
      <Filter>Header Files\Geometry</Filter>
    </ClInclude>
    <ClInclude Include="..\src\NFFLoader.h">
      <Filter>Header Files\NFFLoader</Filter>
    </ClInclude>
    <ClInclude Include="..\src\OutConverter.h">
      <Filter>Header Files\OutConverter</Filter>
    </ClInclude>
    <ClInclude Include="..\src\Ray.h">
      <Filter>Header Files\Scene</Filter>
    </ClInclude>
    <ClInclude Include="..\src\Triangle.h">
      <Filter>Header Files\Geometry</Filter>
    </ClInclude>
    <ClInclude Include="..\src\twister.h">
      <Filter>Header Files\Twister</Filter>
    </ClInclude>
    <ClInclude Include="..\src\Vertex.h">
      <Filter>Header Files\PieceReader</Filter>
    </ClInclude>
    <ClInclude Include="..\src\PieceReader.h">
      <Filter>Header Files\PieceReader</Filter>
    </ClInclude>
    <ClInclude Include="..\src\AABox.h">
      <Filter>Header Files\Geometry</Filter>
    </ClInclude>
    <ClInclude Include="..\src\BoundingBox.h">
      <Filter>Header Files\Geometry</Filter>
    </ClInclude>
    <ClInclude Include="..\src\NotObjects.h">
      <Filter>Header Files\Geometry</Filter>
    </ClInclude>
    <ClInclude Include="..\src\Grid.h">
      <Filter>Header Files\Scene</Filter>
    </ClInclude>
    <ClInclude Include="..\src\Cell.h">
      <Filter>Header Files\Scene</Filter>
    </ClInclude>
    <ClInclude Include="..\src\Structs.h">
      <Filter>Header Files</Filter>
    </ClInclude>
    <ClInclude Include="..\src\Quad.h">
      <Filter>Header Files\Geometry</Filter>
    </ClInclude>
  </ItemGroup>
  <ItemGroup>
    <None Include="..\nff\balls_low.nff">
      <Filter>Resource Files\nff</Filter>
    </None>
    <None Include="..\nff\boundingbox.nff">
      <Filter>Resource Files\nff</Filter>
    </None>
    <None Include="..\nff\boundingbox_refract.nff">
      <Filter>Resource Files\nff</Filter>
    </None>
    <None Include="..\nff\jap.nff">
      <Filter>Resource Files\nff</Filter>
    </None>
    <None Include="..\nff\mount_high.nff">
      <Filter>Resource Files\nff</Filter>
    </None>
    <None Include="..\nff\mount_low.nff">
      <Filter>Resource Files\nff</Filter>
    </None>
    <None Include="..\nff\mount_very_high.nff">
      <Filter>Resource Files\nff</Filter>
    </None>
  </ItemGroup>
</Project>